
Microsoft Visual Studio Solution File, Format Version 11.00
# Visual C++ Express 2010
Project("{8BC9CEB8-8B4A-11D0-8D11-00A0C91BC942}") = "59-流的条件状态2", "59-流的条件状态2\59-流的条件状态2.vcxproj", "{460B76A4-580F-4123-8046-DFE9AD456A48}"
EndProject
Global
	GlobalSection(SolutionConfigurationPlatforms) = preSolution
		Debug|Win32 = Debug|Win32
		Release|Win32 = Release|Win32
	EndGlobalSection
	GlobalSection(ProjectConfigurationPlatforms) = postSolution
		{460B76A4-580F-4123-8046-DFE9AD456A48}.Debug|Win32.ActiveCfg = Debug|Win32
		{460B76A4-580F-4123-8046-DFE9AD456A48}.Debug|Win32.Build.0 = Debug|Win32
		{460B76A4-580F-4123-8046-DFE9AD456A48}.Release|Win32.ActiveCfg = Release|Win32
		{460B76A4-580F-4123-8046-DFE9AD456A48}.Release|Win32.Build.0 = Release|Win32
	EndGlobalSection
	GlobalSection(SolutionProperties) = preSolution
		HideSolutionNode = FALSE
	EndGlobalSection
EndGlobal
