
Microsoft Visual Studio Solution File, Format Version 11.00
# Visual C++ Express 2010
Project("{8BC9CEB8-8B4A-11D0-8D11-00A0C91BC942}") = "34-把向量中的元素放到数组中", "34-把向量中的元素放到数组中\34-把向量中的元素放到数组中.vcxproj", "{B4DDECF2-70F4-4A32-904D-3E8021AC6F44}"
EndProject
Global
	GlobalSection(SolutionConfigurationPlatforms) = preSolution
		Debug|Win32 = Debug|Win32
		Release|Win32 = Release|Win32
	EndGlobalSection
	GlobalSection(ProjectConfigurationPlatforms) = postSolution
		{B4DDECF2-70F4-4A32-904D-3E8021AC6F44}.Debug|Win32.ActiveCfg = Debug|Win32
		{B4DDECF2-70F4-4A32-904D-3E8021AC6F44}.Debug|Win32.Build.0 = Debug|Win32
		{B4DDECF2-70F4-4A32-904D-3E8021AC6F44}.Release|Win32.ActiveCfg = Release|Win32
		{B4DDECF2-70F4-4A32-904D-3E8021AC6F44}.Release|Win32.Build.0 = Release|Win32
	EndGlobalSection
	GlobalSection(SolutionProperties) = preSolution
		HideSolutionNode = FALSE
	EndGlobalSection
EndGlobal
