
Microsoft Visual Studio Solution File, Format Version 11.00
# Visual C++ Express 2010
Project("{8BC9CEB8-8B4A-11D0-8D11-00A0C91BC942}") = "49-main函数_命令行选项", "49-main函数_命令行选项\49-main函数_命令行选项.vcxproj", "{EFECBBAA-37BC-41D3-A0C8-28A4ABB155E2}"
EndProject
Global
	GlobalSection(SolutionConfigurationPlatforms) = preSolution
		Debug|Win32 = Debug|Win32
		Release|Win32 = Release|Win32
	EndGlobalSection
	GlobalSection(ProjectConfigurationPlatforms) = postSolution
		{EFECBBAA-37BC-41D3-A0C8-28A4ABB155E2}.Debug|Win32.ActiveCfg = Debug|Win32
		{EFECBBAA-37BC-41D3-A0C8-28A4ABB155E2}.Debug|Win32.Build.0 = Debug|Win32
		{EFECBBAA-37BC-41D3-A0C8-28A4ABB155E2}.Release|Win32.ActiveCfg = Release|Win32
		{EFECBBAA-37BC-41D3-A0C8-28A4ABB155E2}.Release|Win32.Build.0 = Release|Win32
	EndGlobalSection
	GlobalSection(SolutionProperties) = preSolution
		HideSolutionNode = FALSE
	EndGlobalSection
EndGlobal
