
Microsoft Visual Studio Solution File, Format Version 11.00
# Visual C++ Express 2010
Project("{8BC9CEB8-8B4A-11D0-8D11-00A0C91BC942}") = "55-函数屏蔽，函数隐藏", "55-函数屏蔽，函数隐藏\55-函数屏蔽，函数隐藏.vcxproj", "{3FD18ED8-6356-4023-8887-C7C34E2F3D2F}"
EndProject
Global
	GlobalSection(SolutionConfigurationPlatforms) = preSolution
		Debug|Win32 = Debug|Win32
		Release|Win32 = Release|Win32
	EndGlobalSection
	GlobalSection(ProjectConfigurationPlatforms) = postSolution
		{3FD18ED8-6356-4023-8887-C7C34E2F3D2F}.Debug|Win32.ActiveCfg = Debug|Win32
		{3FD18ED8-6356-4023-8887-C7C34E2F3D2F}.Debug|Win32.Build.0 = Debug|Win32
		{3FD18ED8-6356-4023-8887-C7C34E2F3D2F}.Release|Win32.ActiveCfg = Release|Win32
		{3FD18ED8-6356-4023-8887-C7C34E2F3D2F}.Release|Win32.Build.0 = Release|Win32
	EndGlobalSection
	GlobalSection(SolutionProperties) = preSolution
		HideSolutionNode = FALSE
	EndGlobalSection
EndGlobal
