
Microsoft Visual Studio Solution File, Format Version 11.00
# Visual C++ Express 2010
Project("{8BC9CEB8-8B4A-11D0-8D11-00A0C91BC942}") = "23-迭代器_简单", "23-迭代器_简单\23-迭代器_简单.vcxproj", "{1511894E-A088-4850-AC03-88B6AC5AD1D9}"
EndProject
Global
	GlobalSection(SolutionConfigurationPlatforms) = preSolution
		Debug|Win32 = Debug|Win32
		Release|Win32 = Release|Win32
	EndGlobalSection
	GlobalSection(ProjectConfigurationPlatforms) = postSolution
		{1511894E-A088-4850-AC03-88B6AC5AD1D9}.Debug|Win32.ActiveCfg = Debug|Win32
		{1511894E-A088-4850-AC03-88B6AC5AD1D9}.Debug|Win32.Build.0 = Debug|Win32
		{1511894E-A088-4850-AC03-88B6AC5AD1D9}.Release|Win32.ActiveCfg = Release|Win32
		{1511894E-A088-4850-AC03-88B6AC5AD1D9}.Release|Win32.Build.0 = Release|Win32
	EndGlobalSection
	GlobalSection(SolutionProperties) = preSolution
		HideSolutionNode = FALSE
	EndGlobalSection
EndGlobal
