
Microsoft Visual Studio Solution File, Format Version 11.00
# Visual C++ Express 2010
Project("{8BC9CEB8-8B4A-11D0-8D11-00A0C91BC942}") = "86-自增，自减操作符重载", "86-自增，自减操作符重载\86-自增，自减操作符重载.vcxproj", "{40F4A6B7-E679-452D-A4A7-F129BCE3749E}"
EndProject
Global
	GlobalSection(SolutionConfigurationPlatforms) = preSolution
		Debug|Win32 = Debug|Win32
		Release|Win32 = Release|Win32
	EndGlobalSection
	GlobalSection(ProjectConfigurationPlatforms) = postSolution
		{40F4A6B7-E679-452D-A4A7-F129BCE3749E}.Debug|Win32.ActiveCfg = Debug|Win32
		{40F4A6B7-E679-452D-A4A7-F129BCE3749E}.Debug|Win32.Build.0 = Debug|Win32
		{40F4A6B7-E679-452D-A4A7-F129BCE3749E}.Release|Win32.ActiveCfg = Release|Win32
		{40F4A6B7-E679-452D-A4A7-F129BCE3749E}.Release|Win32.Build.0 = Release|Win32
	EndGlobalSection
	GlobalSection(SolutionProperties) = preSolution
		HideSolutionNode = FALSE
	EndGlobalSection
EndGlobal
