
Microsoft Visual Studio Solution File, Format Version 12.00
# Visual Studio 15
VisualStudioVersion = 15.0.28307.779
MinimumVisualStudioVersion = 10.0.40219.1
Project("{8BC9CEB8-8B4A-11D0-8D11-00A0C91BC942}") = "78-重载操作符定义", "78-重载操作符定义\78-重载操作符定义.vcxproj", "{D35DA878-3E6A-4F41-B757-EA42F7B0B092}"
EndProject
Global
	GlobalSection(SolutionConfigurationPlatforms) = preSolution
		Debug|x64 = Debug|x64
		Debug|x86 = Debug|x86
		Release|x64 = Release|x64
		Release|x86 = Release|x86
	EndGlobalSection
	GlobalSection(ProjectConfigurationPlatforms) = postSolution
		{D35DA878-3E6A-4F41-B757-EA42F7B0B092}.Debug|x64.ActiveCfg = Debug|x64
		{D35DA878-3E6A-4F41-B757-EA42F7B0B092}.Debug|x64.Build.0 = Debug|x64
		{D35DA878-3E6A-4F41-B757-EA42F7B0B092}.Debug|x86.ActiveCfg = Debug|Win32
		{D35DA878-3E6A-4F41-B757-EA42F7B0B092}.Debug|x86.Build.0 = Debug|Win32
		{D35DA878-3E6A-4F41-B757-EA42F7B0B092}.Release|x64.ActiveCfg = Release|x64
		{D35DA878-3E6A-4F41-B757-EA42F7B0B092}.Release|x64.Build.0 = Release|x64
		{D35DA878-3E6A-4F41-B757-EA42F7B0B092}.Release|x86.ActiveCfg = Release|Win32
		{D35DA878-3E6A-4F41-B757-EA42F7B0B092}.Release|x86.Build.0 = Release|Win32
	EndGlobalSection
	GlobalSection(SolutionProperties) = preSolution
		HideSolutionNode = FALSE
	EndGlobalSection
	GlobalSection(ExtensibilityGlobals) = postSolution
		SolutionGuid = {FD0E7A14-1589-4DAC-B61E-6DDD64192400}
	EndGlobalSection
EndGlobal
