
Microsoft Visual Studio Solution File, Format Version 11.00
# Visual C++ Express 2010
Project("{8BC9CEB8-8B4A-11D0-8D11-00A0C91BC942}") = "15-string习题2", "15-string习题2\15-string习题2.vcxproj", "{E1FB9949-380B-41F9-84D3-83EB77396FED}"
EndProject
Global
	GlobalSection(SolutionConfigurationPlatforms) = preSolution
		Debug|Win32 = Debug|Win32
		Release|Win32 = Release|Win32
	EndGlobalSection
	GlobalSection(ProjectConfigurationPlatforms) = postSolution
		{E1FB9949-380B-41F9-84D3-83EB77396FED}.Debug|Win32.ActiveCfg = Debug|Win32
		{E1FB9949-380B-41F9-84D3-83EB77396FED}.Debug|Win32.Build.0 = Debug|Win32
		{E1FB9949-380B-41F9-84D3-83EB77396FED}.Release|Win32.ActiveCfg = Release|Win32
		{E1FB9949-380B-41F9-84D3-83EB77396FED}.Release|Win32.Build.0 = Release|Win32
	EndGlobalSection
	GlobalSection(SolutionProperties) = preSolution
		HideSolutionNode = FALSE
	EndGlobalSection
EndGlobal
