
Microsoft Visual Studio Solution File, Format Version 11.00
# Visual C++ Express 2010
Project("{8BC9CEB8-8B4A-11D0-8D11-00A0C91BC942}") = "82-关系操作符重载2", "82-关系操作符重载2\82-关系操作符重载2.vcxproj", "{3217D037-C2C8-4F94-86C7-A4F0343E5250}"
EndProject
Global
	GlobalSection(SolutionConfigurationPlatforms) = preSolution
		Debug|Win32 = Debug|Win32
		Release|Win32 = Release|Win32
	EndGlobalSection
	GlobalSection(ProjectConfigurationPlatforms) = postSolution
		{3217D037-C2C8-4F94-86C7-A4F0343E5250}.Debug|Win32.ActiveCfg = Debug|Win32
		{3217D037-C2C8-4F94-86C7-A4F0343E5250}.Debug|Win32.Build.0 = Debug|Win32
		{3217D037-C2C8-4F94-86C7-A4F0343E5250}.Release|Win32.ActiveCfg = Release|Win32
		{3217D037-C2C8-4F94-86C7-A4F0343E5250}.Release|Win32.Build.0 = Release|Win32
	EndGlobalSection
	GlobalSection(SolutionProperties) = preSolution
		HideSolutionNode = FALSE
	EndGlobalSection
EndGlobal
