
Microsoft Visual Studio Solution File, Format Version 11.00
# Visual C++ Express 2010
Project("{8BC9CEB8-8B4A-11D0-8D11-00A0C91BC942}") = "26-bitset_操作", "26-bitset_操作\26-bitset_操作.vcxproj", "{C1C512CF-1600-4520-B3DC-751728193123}"
EndProject
Global
	GlobalSection(SolutionConfigurationPlatforms) = preSolution
		Debug|Win32 = Debug|Win32
		Release|Win32 = Release|Win32
	EndGlobalSection
	GlobalSection(ProjectConfigurationPlatforms) = postSolution
		{C1C512CF-1600-4520-B3DC-751728193123}.Debug|Win32.ActiveCfg = Debug|Win32
		{C1C512CF-1600-4520-B3DC-751728193123}.Debug|Win32.Build.0 = Debug|Win32
		{C1C512CF-1600-4520-B3DC-751728193123}.Release|Win32.ActiveCfg = Release|Win32
		{C1C512CF-1600-4520-B3DC-751728193123}.Release|Win32.Build.0 = Release|Win32
	EndGlobalSection
	GlobalSection(SolutionProperties) = preSolution
		HideSolutionNode = FALSE
	EndGlobalSection
EndGlobal
