
Microsoft Visual Studio Solution File, Format Version 11.00
# Visual C++ Express 2010
Project("{8BC9CEB8-8B4A-11D0-8D11-00A0C91BC942}") = "100-模板与泛型编程", "100-模板与泛型编程\100-模板与泛型编程.vcxproj", "{D83C9F83-6840-4FC9-BA21-E4B251766A16}"
EndProject
Global
	GlobalSection(SolutionConfigurationPlatforms) = preSolution
		Debug|Win32 = Debug|Win32
		Release|Win32 = Release|Win32
	EndGlobalSection
	GlobalSection(ProjectConfigurationPlatforms) = postSolution
		{D83C9F83-6840-4FC9-BA21-E4B251766A16}.Debug|Win32.ActiveCfg = Debug|Win32
		{D83C9F83-6840-4FC9-BA21-E4B251766A16}.Debug|Win32.Build.0 = Debug|Win32
		{D83C9F83-6840-4FC9-BA21-E4B251766A16}.Release|Win32.ActiveCfg = Release|Win32
		{D83C9F83-6840-4FC9-BA21-E4B251766A16}.Release|Win32.Build.0 = Release|Win32
	EndGlobalSection
	GlobalSection(SolutionProperties) = preSolution
		HideSolutionNode = FALSE
	EndGlobalSection
EndGlobal
